{
  "name": "astrale-sharp.github.io",
  "lockfileVersion": 3,
  "requires": true,
  "packages": {
    "": {
      "dependencies": {
        "codejar": "^4.2.0"
      }
    },
    "node_modules/codejar": {
      "version": "4.2.0",
      "resolved": "https://registry.npmjs.org/codejar/-/codejar-4.2.0.tgz",
      "integrity": "sha512-U8OZe+2B400W5nSSbXxaoboBN5i1hxWdBZJ9kcTy0DBuc4muwkPE/ph/MGX4yooIE8hztfNLPNU1CbcNYch69A=="
    }
  }
}
